
Microsoft Visual Studio Solution File, Format Version 12.00
# Visual Studio Version 17
VisualStudioVersion = 17.3.32804.467
MinimumVisualStudioVersion = 10.0.40219.1
Project("{FAE04EC0-301F-11D3-BF4B-00C04F79EFBC}") = "ListReferencesInCsFile", "ListReferencesInCsFile.csproj", "{41D4F245-6E4A-4922-B6D0-F7B855338ED1}"
EndProject
Global
	GlobalSection(SolutionConfigurationPlatforms) = preSolution
		Debug|Any CPU = Debug|Any CPU
		Release|Any CPU = Release|Any CPU
	EndGlobalSection
	GlobalSection(ProjectConfigurationPlatforms) = postSolution
		{41D4F245-6E4A-4922-B6D0-F7B855338ED1}.Debug|Any CPU.ActiveCfg = Debug|Any CPU
		{41D4F245-6E4A-4922-B6D0-F7B855338ED1}.Debug|Any CPU.Build.0 = Debug|Any CPU
		{41D4F245-6E4A-4922-B6D0-F7B855338ED1}.Release|Any CPU.ActiveCfg = Release|Any CPU
		{41D4F245-6E4A-4922-B6D0-F7B855338ED1}.Release|Any CPU.Build.0 = Release|Any CPU
	EndGlobalSection
	GlobalSection(SolutionProperties) = preSolution
		HideSolutionNode = FALSE
	EndGlobalSection
	GlobalSection(ExtensibilityGlobals) = postSolution
		SolutionGuid = {BBC36648-BB97-43FA-96F8-8F3F18A73C7F}
	EndGlobalSection
EndGlobal
